PODS:
  - Inline (0.3.2)
  - Pensive (0.0.1)
  - Specify (0.1.1):
    - Inline (~> 0.3.2)

DEPENDENCIES:
  - Pensive
  - Specify

SPEC CHECKSUMS:
  Inline: 6f42acc81b87412642fec6f389e56a68b6abe836
  Pensive: c7796259b6f4aa0f97218c28f9a25497a54e4fb9
  Specify: 0541d8a50435e69c99967002e667a5f67ce47fa5

COCOAPODS: 0.18.1
